
Microsoft Visual Studio Solution File, Format Version 12.00
# Visual Studio Version 17
VisualStudioVersion = 17.14.36408.4
MinimumVisualStudioVersion = 10.0.40219.1
Project("{FAE04EC0-301F-11D3-BF4B-00C04F79EFBC}") = "ImageRenamer", "ImageRenamer\ImageRenamer.csproj", "{73168E8E-9CBE-4B98-BBCA-38E0D53F8704}"
EndProject
Global
	GlobalSection(SolutionConfigurationPlatforms) = preSolution
		Debug|Any CPU = Debug|Any CPU
		Debug|Default = Debug|Default
		Debug|x64 = Debug|x64
		Release|Any CPU = Release|Any CPU
		Release|Default = Release|Default
		Release|x64 = Release|x64
	EndGlobalSection
	GlobalSection(ProjectConfigurationPlatforms) = postSolution
		{73168E8E-9CBE-4B98-BBCA-38E0D53F8704}.Debug|Any CPU.ActiveCfg = Debug|Any CPU
		{73168E8E-9CBE-4B98-BBCA-38E0D53F8704}.Debug|Any CPU.Build.0 = Debug|Any CPU
		{73168E8E-9CBE-4B98-BBCA-38E0D53F8704}.Debug|Default.ActiveCfg = Debug|Any CPU
		{73168E8E-9CBE-4B98-BBCA-38E0D53F8704}.Debug|Default.Build.0 = Debug|Any CPU
		{73168E8E-9CBE-4B98-BBCA-38E0D53F8704}.Debug|x64.ActiveCfg = Debug|x64
		{73168E8E-9CBE-4B98-BBCA-38E0D53F8704}.Debug|x64.Build.0 = Debug|x64
		{73168E8E-9CBE-4B98-BBCA-38E0D53F8704}.Release|Any CPU.ActiveCfg = Release|Any CPU
		{73168E8E-9CBE-4B98-BBCA-38E0D53F8704}.Release|Any CPU.Build.0 = Release|Any CPU
		{73168E8E-9CBE-4B98-BBCA-38E0D53F8704}.Release|Default.ActiveCfg = Release|Any CPU
		{73168E8E-9CBE-4B98-BBCA-38E0D53F8704}.Release|Default.Build.0 = Release|Any CPU
		{73168E8E-9CBE-4B98-BBCA-38E0D53F8704}.Release|x64.ActiveCfg = Release|x64
		{73168E8E-9CBE-4B98-BBCA-38E0D53F8704}.Release|x64.Build.0 = Release|x64
	EndGlobalSection
	GlobalSection(SolutionProperties) = preSolution
		HideSolutionNode = FALSE
	EndGlobalSection
	GlobalSection(ExtensibilityGlobals) = postSolution
		SolutionGuid = {CA070EB1-A3B7-4B3A-9AA5-A77D3ADB779B}
	EndGlobalSection
	GlobalSection(SolutionConfigurationPlatforms) = preSolution
		Debug|Any CPU = Debug|Any CPU
		Debug|Default = Debug|Default
		Debug|x64 = Debug|x64
		Release|Any CPU = Release|Any CPU
		Release|Default = Release|Default
		Release|x64 = Release|x64
	EndGlobalSection
	GlobalSection(SolutionConfigurationPlatforms) = preSolution
		Debug|Any CPU = Debug|Any CPU
		Debug|Default = Debug|Default
		Debug|x64 = Debug|x64
		Release|Any CPU = Release|Any CPU
		Release|Default = Release|Default
		Release|x64 = Release|x64
	EndGlobalSection
	GlobalSection(SolutionConfigurationPlatforms) = preSolution
		Debug|Any CPU = Debug|Any CPU
		Debug|x64 = Debug|x64
		Release|Any CPU = Release|Any CPU
		Release|x64 = Release|x64
	EndGlobalSection
EndGlobal
